
Microsoft Visual Studio Solution File, Format Version 12.00
# Visual Studio Version 16
VisualStudioVersion = 16.0.33214.272
MinimumVisualStudioVersion = 10.0.40219.1
Project("{FAE04EC0-301F-11D3-BF4B-00C04F79EFBC}") = "Mission6_waltona1", "Mission6_waltona1\Mission6_waltona1.csproj", "{752DC613-B37E-4086-A42E-6D8758985879}"
EndProject
Global
	GlobalSection(SolutionConfigurationPlatforms) = preSolution
		Debug|Any CPU = Debug|Any CPU
		Release|Any CPU = Release|Any CPU
	EndGlobalSection
	GlobalSection(ProjectConfigurationPlatforms) = postSolution
		{752DC613-B37E-4086-A42E-6D8758985879}.Debug|Any CPU.ActiveCfg = Debug|Any CPU
		{752DC613-B37E-4086-A42E-6D8758985879}.Debug|Any CPU.Build.0 = Debug|Any CPU
		{752DC613-B37E-4086-A42E-6D8758985879}.Release|Any CPU.ActiveCfg = Release|Any CPU
		{752DC613-B37E-4086-A42E-6D8758985879}.Release|Any CPU.Build.0 = Release|Any CPU
	EndGlobalSection
	GlobalSection(SolutionProperties) = preSolution
		HideSolutionNode = FALSE
	EndGlobalSection
	GlobalSection(ExtensibilityGlobals) = postSolution
		SolutionGuid = {5B01CC9C-BDFC-4507-BE44-E99B9B7A1061}
	EndGlobalSection
EndGlobal
